
Microsoft Visual Studio Solution File, Format Version 12.00
# Visual Studio Version 17
VisualStudioVersion = 17.7.34221.43
MinimumVisualStudioVersion = 10.0.40219.1
Project("{FAE04EC0-301F-11D3-BF4B-00C04F79EFBC}") = "JugueteriaAPI", "JugueteriaAPI\JugueteriaAPI.csproj", "{2512E117-2B78-405E-8A70-D9FED866AE28}"
EndProject
Global
	GlobalSection(SolutionConfigurationPlatforms) = preSolution
		Debug|Any CPU = Debug|Any CPU
		Release|Any CPU = Release|Any CPU
	EndGlobalSection
	GlobalSection(ProjectConfigurationPlatforms) = postSolution
		{2512E117-2B78-405E-8A70-D9FED866AE28}.Debug|Any CPU.ActiveCfg = Debug|Any CPU
		{2512E117-2B78-405E-8A70-D9FED866AE28}.Debug|Any CPU.Build.0 = Debug|Any CPU
		{2512E117-2B78-405E-8A70-D9FED866AE28}.Release|Any CPU.ActiveCfg = Release|Any CPU
		{2512E117-2B78-405E-8A70-D9FED866AE28}.Release|Any CPU.Build.0 = Release|Any CPU
	EndGlobalSection
	GlobalSection(SolutionProperties) = preSolution
		HideSolutionNode = FALSE
	EndGlobalSection
	GlobalSection(ExtensibilityGlobals) = postSolution
		SolutionGuid = {BFBF43D7-7667-4E84-9527-C786B87427B0}
	EndGlobalSection
EndGlobal
